
Microsoft Visual Studio Solution File, Format Version 12.00
# Visual Studio Version 17
VisualStudioVersion = 17.14.36518.9 d17.14
MinimumVisualStudioVersion = 10.0.40219.1
Project("{FAE04EC0-301F-11D3-BF4B-00C04F79EFBC}") = "AED", "AED\AED.csproj", "{EB77E839-3E92-4F5A-B7DF-923316EA72BD}"
EndProject
Global
	GlobalSection(SolutionConfigurationPlatforms) = preSolution
		Debug|Any CPU = Debug|Any CPU
		Release|Any CPU = Release|Any CPU
	EndGlobalSection
	GlobalSection(ProjectConfigurationPlatforms) = postSolution
		{EB77E839-3E92-4F5A-B7DF-923316EA72BD}.Debug|Any CPU.ActiveCfg = Debug|Any CPU
		{EB77E839-3E92-4F5A-B7DF-923316EA72BD}.Debug|Any CPU.Build.0 = Debug|Any CPU
		{EB77E839-3E92-4F5A-B7DF-923316EA72BD}.Release|Any CPU.ActiveCfg = Release|Any CPU
		{EB77E839-3E92-4F5A-B7DF-923316EA72BD}.Release|Any CPU.Build.0 = Release|Any CPU
	EndGlobalSection
	GlobalSection(SolutionProperties) = preSolution
		HideSolutionNode = FALSE
	EndGlobalSection
	GlobalSection(ExtensibilityGlobals) = postSolution
		SolutionGuid = {41077547-8BD1-4B3A-B051-F0F0B61000DC}
	EndGlobalSection
EndGlobal
